
Microsoft Visual Studio Solution File, Format Version 12.00
# Visual Studio 15
VisualStudioVersion = 15.0.28307.757
MinimumVisualStudioVersion = 10.0.40219.1
Project("{FAE04EC0-301F-11D3-BF4B-00C04F79EFBC}") = "digiturkpartnerweb", "digiturkpartnerweb\digiturkpartnerweb.csproj", "{C48642DF-608E-4821-9C0D-49953B37169F}"
EndProject
Project("{FAE04EC0-301F-11D3-BF4B-00C04F79EFBC}") = "digiturkveri", "digiturkveri\digiturkveri.csproj", "{4FB97392-B99F-43C1-B932-D06BCC488422}"
EndProject
Global
	GlobalSection(SolutionConfigurationPlatforms) = preSolution
		Debug|Any CPU = Debug|Any CPU
		Release|Any CPU = Release|Any CPU
	EndGlobalSection
	GlobalSection(ProjectConfigurationPlatforms) = postSolution
		{C48642DF-608E-4821-9C0D-49953B37169F}.Debug|Any CPU.ActiveCfg = Debug|Any CPU
		{C48642DF-608E-4821-9C0D-49953B37169F}.Debug|Any CPU.Build.0 = Debug|Any CPU
		{C48642DF-608E-4821-9C0D-49953B37169F}.Release|Any CPU.ActiveCfg = Release|Any CPU
		{C48642DF-608E-4821-9C0D-49953B37169F}.Release|Any CPU.Build.0 = Release|Any CPU
		{4FB97392-B99F-43C1-B932-D06BCC488422}.Debug|Any CPU.ActiveCfg = Debug|Any CPU
		{4FB97392-B99F-43C1-B932-D06BCC488422}.Debug|Any CPU.Build.0 = Debug|Any CPU
		{4FB97392-B99F-43C1-B932-D06BCC488422}.Release|Any CPU.ActiveCfg = Release|Any CPU
		{4FB97392-B99F-43C1-B932-D06BCC488422}.Release|Any CPU.Build.0 = Release|Any CPU
	EndGlobalSection
	GlobalSection(SolutionProperties) = preSolution
		HideSolutionNode = FALSE
	EndGlobalSection
	GlobalSection(ExtensibilityGlobals) = postSolution
		SolutionGuid = {6A41A654-70BC-4664-8372-154FFD912283}
	EndGlobalSection
EndGlobal
